
Microsoft Visual Studio Solution File, Format Version 12.00
# Visual Studio Version 17
VisualStudioVersion = 17.2.32526.322
MinimumVisualStudioVersion = 10.0.40219.1
Project("{FAE04EC0-301F-11D3-BF4B-00C04F79EFBC}") = "SomaNumeros", "SomaNumeros\SomaNumeros.csproj", "{EF10B93B-E994-42B5-8E5F-027B433EDBC4}"
EndProject
Global
	GlobalSection(SolutionConfigurationPlatforms) = preSolution
		Debug|Any CPU = Debug|Any CPU
		Release|Any CPU = Release|Any CPU
	EndGlobalSection
	GlobalSection(ProjectConfigurationPlatforms) = postSolution
		{EF10B93B-E994-42B5-8E5F-027B433EDBC4}.Debug|Any CPU.ActiveCfg = Debug|Any CPU
		{EF10B93B-E994-42B5-8E5F-027B433EDBC4}.Debug|Any CPU.Build.0 = Debug|Any CPU
		{EF10B93B-E994-42B5-8E5F-027B433EDBC4}.Release|Any CPU.ActiveCfg = Release|Any CPU
		{EF10B93B-E994-42B5-8E5F-027B433EDBC4}.Release|Any CPU.Build.0 = Release|Any CPU
	EndGlobalSection
	GlobalSection(SolutionProperties) = preSolution
		HideSolutionNode = FALSE
	EndGlobalSection
	GlobalSection(ExtensibilityGlobals) = postSolution
		SolutionGuid = {3836A5C8-4E51-485F-82B9-B0AC133B6249}
	EndGlobalSection
EndGlobal
